
Microsoft Visual Studio Solution File, Format Version 12.00
# Visual Studio Version 17
VisualStudioVersion = 17.5.33516.290
MinimumVisualStudioVersion = 10.0.40219.1
Project("{2150E333-8FDC-42A3-9474-1A3956D46DE8}") = "Test", "Test", "{201A1D31-482F-4AC8-A7E6-3E46961B50D2}"
EndProject
Project("{9A19103F-16F7-4668-BE54-9A1E7A4F7556}") = "BankAccount.Test.Unit", "BankAccount.Test.Unit\BankAccount.Test.Unit.csproj", "{A060EFDF-C09A-4F26-9E40-5AF1E7B33FD4}"
EndProject
Project("{2150E333-8FDC-42A3-9474-1A3956D46DE8}") = "Domain", "Domain", "{33E8B24E-A602-48C4-A3C7-611E84C5395C}"
EndProject
Project("{9A19103F-16F7-4668-BE54-9A1E7A4F7556}") = "BankAccount.Domain.Entity", "BankAccount.Domain.Entity\BankAccount.Domain.Entity.csproj", "{7DE78972-EE1A-484F-908C-2253AC037D9C}"
EndProject
Project("{9A19103F-16F7-4668-BE54-9A1E7A4F7556}") = "BankAccount.Domain.Repository", "BankAccount.Domain.Repository\BankAccount.Domain.Repository.csproj", "{29C7DB61-67DA-40CD-85A5-C7456D41E7F6}"
EndProject
Project("{2150E333-8FDC-42A3-9474-1A3956D46DE8}") = "Infra", "Infra", "{526A3572-9C58-44A4-B2AA-5078DF62BB9D}"
EndProject
Project("{9A19103F-16F7-4668-BE54-9A1E7A4F7556}") = "BankAccount.Infra.Repository", "BankAccount.Infra.Repository\BankAccount.Infra.Repository.csproj", "{0D449B99-0796-4473-9A40-38EA7F7C3252}"
EndProject
Project("{9A19103F-16F7-4668-BE54-9A1E7A4F7556}") = "BankAccount.Infra.Context", "BankAccount.Infra.Context\BankAccount.Infra.Context.csproj", "{E9798BDE-FF51-4FE3-A000-C1E25B08D062}"
EndProject
Project("{2150E333-8FDC-42A3-9474-1A3956D46DE8}") = "Application", "Application", "{F54839C3-45AB-4E80-B77F-FEDCE3854C78}"
EndProject
Project("{FAE04EC0-301F-11D3-BF4B-00C04F79EFBC}") = "BankAccount.Application.Request.Handler", "BankAccount.Application.Request.Handler\BankAccount.Application.Request.Handler.csproj", "{C38DAC4D-21A8-4FC8-8AFF-1EDFDDBD31CD}"
EndProject
Project("{FAE04EC0-301F-11D3-BF4B-00C04F79EFBC}") = "BankAccount.Application.Request.Command", "BankAccount.Application.Request.Command\BankAccount.Application.Request.Command.csproj", "{BE209901-238E-4948-BAB4-DCBE3E3DB1CD}"
EndProject
Project("{FAE04EC0-301F-11D3-BF4B-00C04F79EFBC}") = "BankAccount.Application.Request.Validation", "BankAccount.Application.Request.Validation\BankAccount.Application.Request.Validation.csproj", "{77E811AE-C639-4E16-96B3-66C5669EC4E2}"
EndProject
Project("{2150E333-8FDC-42A3-9474-1A3956D46DE8}") = "Helper", "Helper", "{522EEDF0-55DD-42B4-9EB7-2C07CB4151D9}"
EndProject
Project("{FAE04EC0-301F-11D3-BF4B-00C04F79EFBC}") = "BankAccount.Helper.Behavior", "BankAccount.Helper.Behavior\BankAccount.Helper.Behavior.csproj", "{99C7A16F-3630-4FA9-BFE2-C72F81B1FDA4}"
EndProject
Project("{FAE04EC0-301F-11D3-BF4B-00C04F79EFBC}") = "BankAccount.Helper.Extensions", "BankAccount.Helper.Extensions\BankAccount.Helper.Extensions.csproj", "{53E6428B-3C74-4A7C-8AC1-6CD5EEB23B7F}"
EndProject
Project("{2150E333-8FDC-42A3-9474-1A3956D46DE8}") = "Presentation", "Presentation", "{062BA503-31F6-4304-86D7-91C165EC45D6}"
EndProject
Project("{FAE04EC0-301F-11D3-BF4B-00C04F79EFBC}") = "BankAccount.Presentation.Api", "BankAccount.Presentation.Api\BankAccount.Presentation.Api.csproj", "{7BF327E7-F300-44E2-AA00-AAE2C4C6616C}"
EndProject
Project("{2150E333-8FDC-42A3-9474-1A3956D46DE8}") = "IoC", "IoC", "{27DB8FAA-2A3A-4039-881A-7983F008D219}"
EndProject
Global
	GlobalSection(SolutionConfigurationPlatforms) = preSolution
		Debug|Any CPU = Debug|Any CPU
		Release|Any CPU = Release|Any CPU
	EndGlobalSection
	GlobalSection(ProjectConfigurationPlatforms) = postSolution
		{A060EFDF-C09A-4F26-9E40-5AF1E7B33FD4}.Debug|Any CPU.ActiveCfg = Debug|Any CPU
		{A060EFDF-C09A-4F26-9E40-5AF1E7B33FD4}.Debug|Any CPU.Build.0 = Debug|Any CPU
		{A060EFDF-C09A-4F26-9E40-5AF1E7B33FD4}.Release|Any CPU.ActiveCfg = Release|Any CPU
		{A060EFDF-C09A-4F26-9E40-5AF1E7B33FD4}.Release|Any CPU.Build.0 = Release|Any CPU
		{7DE78972-EE1A-484F-908C-2253AC037D9C}.Debug|Any CPU.ActiveCfg = Debug|Any CPU
		{7DE78972-EE1A-484F-908C-2253AC037D9C}.Debug|Any CPU.Build.0 = Debug|Any CPU
		{7DE78972-EE1A-484F-908C-2253AC037D9C}.Release|Any CPU.ActiveCfg = Release|Any CPU
		{7DE78972-EE1A-484F-908C-2253AC037D9C}.Release|Any CPU.Build.0 = Release|Any CPU
		{29C7DB61-67DA-40CD-85A5-C7456D41E7F6}.Debug|Any CPU.ActiveCfg = Debug|Any CPU
		{29C7DB61-67DA-40CD-85A5-C7456D41E7F6}.Debug|Any CPU.Build.0 = Debug|Any CPU
		{29C7DB61-67DA-40CD-85A5-C7456D41E7F6}.Release|Any CPU.ActiveCfg = Release|Any CPU
		{29C7DB61-67DA-40CD-85A5-C7456D41E7F6}.Release|Any CPU.Build.0 = Release|Any CPU
		{0D449B99-0796-4473-9A40-38EA7F7C3252}.Debug|Any CPU.ActiveCfg = Debug|Any CPU
		{0D449B99-0796-4473-9A40-38EA7F7C3252}.Debug|Any CPU.Build.0 = Debug|Any CPU
		{0D449B99-0796-4473-9A40-38EA7F7C3252}.Release|Any CPU.ActiveCfg = Release|Any CPU
		{0D449B99-0796-4473-9A40-38EA7F7C3252}.Release|Any CPU.Build.0 = Release|Any CPU
		{E9798BDE-FF51-4FE3-A000-C1E25B08D062}.Debug|Any CPU.ActiveCfg = Debug|Any CPU
		{E9798BDE-FF51-4FE3-A000-C1E25B08D062}.Debug|Any CPU.Build.0 = Debug|Any CPU
		{E9798BDE-FF51-4FE3-A000-C1E25B08D062}.Release|Any CPU.ActiveCfg = Release|Any CPU
		{E9798BDE-FF51-4FE3-A000-C1E25B08D062}.Release|Any CPU.Build.0 = Release|Any CPU
		{C38DAC4D-21A8-4FC8-8AFF-1EDFDDBD31CD}.Debug|Any CPU.ActiveCfg = Debug|Any CPU
		{C38DAC4D-21A8-4FC8-8AFF-1EDFDDBD31CD}.Debug|Any CPU.Build.0 = Debug|Any CPU
		{C38DAC4D-21A8-4FC8-8AFF-1EDFDDBD31CD}.Release|Any CPU.ActiveCfg = Release|Any CPU
		{C38DAC4D-21A8-4FC8-8AFF-1EDFDDBD31CD}.Release|Any CPU.Build.0 = Release|Any CPU
		{BE209901-238E-4948-BAB4-DCBE3E3DB1CD}.Debug|Any CPU.ActiveCfg = Debug|Any CPU
		{BE209901-238E-4948-BAB4-DCBE3E3DB1CD}.Debug|Any CPU.Build.0 = Debug|Any CPU
		{BE209901-238E-4948-BAB4-DCBE3E3DB1CD}.Release|Any CPU.ActiveCfg = Release|Any CPU
		{BE209901-238E-4948-BAB4-DCBE3E3DB1CD}.Release|Any CPU.Build.0 = Release|Any CPU
		{77E811AE-C639-4E16-96B3-66C5669EC4E2}.Debug|Any CPU.ActiveCfg = Debug|Any CPU
		{77E811AE-C639-4E16-96B3-66C5669EC4E2}.Debug|Any CPU.Build.0 = Debug|Any CPU
		{77E811AE-C639-4E16-96B3-66C5669EC4E2}.Release|Any CPU.ActiveCfg = Release|Any CPU
		{77E811AE-C639-4E16-96B3-66C5669EC4E2}.Release|Any CPU.Build.0 = Release|Any CPU
		{99C7A16F-3630-4FA9-BFE2-C72F81B1FDA4}.Debug|Any CPU.ActiveCfg = Debug|Any CPU
		{99C7A16F-3630-4FA9-BFE2-C72F81B1FDA4}.Debug|Any CPU.Build.0 = Debug|Any CPU
		{99C7A16F-3630-4FA9-BFE2-C72F81B1FDA4}.Release|Any CPU.ActiveCfg = Release|Any CPU
		{99C7A16F-3630-4FA9-BFE2-C72F81B1FDA4}.Release|Any CPU.Build.0 = Release|Any CPU
		{53E6428B-3C74-4A7C-8AC1-6CD5EEB23B7F}.Debug|Any CPU.ActiveCfg = Debug|Any CPU
		{53E6428B-3C74-4A7C-8AC1-6CD5EEB23B7F}.Debug|Any CPU.Build.0 = Debug|Any CPU
		{53E6428B-3C74-4A7C-8AC1-6CD5EEB23B7F}.Release|Any CPU.ActiveCfg = Release|Any CPU
		{53E6428B-3C74-4A7C-8AC1-6CD5EEB23B7F}.Release|Any CPU.Build.0 = Release|Any CPU
		{7BF327E7-F300-44E2-AA00-AAE2C4C6616C}.Debug|Any CPU.ActiveCfg = Debug|Any CPU
		{7BF327E7-F300-44E2-AA00-AAE2C4C6616C}.Debug|Any CPU.Build.0 = Debug|Any CPU
		{7BF327E7-F300-44E2-AA00-AAE2C4C6616C}.Release|Any CPU.ActiveCfg = Release|Any CPU
		{7BF327E7-F300-44E2-AA00-AAE2C4C6616C}.Release|Any CPU.Build.0 = Release|Any CPU
	EndGlobalSection
	GlobalSection(SolutionProperties) = preSolution
		HideSolutionNode = FALSE
	EndGlobalSection
	GlobalSection(NestedProjects) = preSolution
		{A060EFDF-C09A-4F26-9E40-5AF1E7B33FD4} = {201A1D31-482F-4AC8-A7E6-3E46961B50D2}
		{7DE78972-EE1A-484F-908C-2253AC037D9C} = {33E8B24E-A602-48C4-A3C7-611E84C5395C}
		{29C7DB61-67DA-40CD-85A5-C7456D41E7F6} = {33E8B24E-A602-48C4-A3C7-611E84C5395C}
		{0D449B99-0796-4473-9A40-38EA7F7C3252} = {526A3572-9C58-44A4-B2AA-5078DF62BB9D}
		{E9798BDE-FF51-4FE3-A000-C1E25B08D062} = {526A3572-9C58-44A4-B2AA-5078DF62BB9D}
		{C38DAC4D-21A8-4FC8-8AFF-1EDFDDBD31CD} = {F54839C3-45AB-4E80-B77F-FEDCE3854C78}
		{BE209901-238E-4948-BAB4-DCBE3E3DB1CD} = {F54839C3-45AB-4E80-B77F-FEDCE3854C78}
		{77E811AE-C639-4E16-96B3-66C5669EC4E2} = {F54839C3-45AB-4E80-B77F-FEDCE3854C78}
		{99C7A16F-3630-4FA9-BFE2-C72F81B1FDA4} = {522EEDF0-55DD-42B4-9EB7-2C07CB4151D9}
		{53E6428B-3C74-4A7C-8AC1-6CD5EEB23B7F} = {522EEDF0-55DD-42B4-9EB7-2C07CB4151D9}
		{7BF327E7-F300-44E2-AA00-AAE2C4C6616C} = {062BA503-31F6-4304-86D7-91C165EC45D6}
	EndGlobalSection
	GlobalSection(ExtensibilityGlobals) = postSolution
		SolutionGuid = {CEE960B5-2F35-4BF9-97E6-5E2B80F9E89A}
	EndGlobalSection
EndGlobal
